Microsoft Visual Studio Solution File, Format Version 9.00
# Visual Studio 2005
Project("{FAE04EC0-301F-11D3-BF4B-00C04F79EFBC}") = "DoubleClickCell", "DoubleClickCell\DoubleClickCell.csproj", "{B30FAC4F-B8C0-46F0-A08A-9E9A747D1E5B}"
	ProjectSection(WebsiteProperties) = preProject
		Debug.AspNetCompiler.Debug = "True"
		Release.AspNetCompiler.Debug = "False"
	EndProjectSection
EndProject
Global
	GlobalSection(SolutionConfigurationPlatforms) = preSolution
		Debug|Any CPU = Debug|Any CPU
		Release|Any CPU = Release|Any CPU
	EndGlobalSection
	GlobalSection(ProjectConfigurationPlatforms) = postSolution
		{B30FAC4F-B8C0-46F0-A08A-9E9A747D1E5B}.Debug|Any CPU.ActiveCfg = Debug|Any CPU
		{B30FAC4F-B8C0-46F0-A08A-9E9A747D1E5B}.Debug|Any CPU.Build.0 = Debug|Any CPU
		{B30FAC4F-B8C0-46F0-A08A-9E9A747D1E5B}.Release|Any CPU.ActiveCfg = Release|Any CPU
		{B30FAC4F-B8C0-46F0-A08A-9E9A747D1E5B}.Release|Any CPU.Build.0 = Release|Any CPU
	EndGlobalSection
	GlobalSection(SolutionProperties) = preSolution
		HideSolutionNode = FALSE
	EndGlobalSection
EndGlobal
